// !$*UTF8*$!
{
	archiveVersion = 1;
	classes = {
	};
	objectVersion = 51;
	objects = {

/* Begin PBXBuildFile section */
		3E3D6B73EC6F91C96EF0FBC2 /* Pods_Ohana_Sync.framework in Frameworks */ = {isa = PBXBuildFile; fileRef = A04DAABF438DDC1E4E24BAA0 /* Pods_Ohana_Sync.framework */; };
		840A34C82397118500A14491 /* Global.swift in Sources */ = {isa = PBXBuildFile; fileRef = 840A34C72397118500A14491 /* Global.swift */; };
		840C380123B5509100EDF7A5 /* GDModuleSync.swift in Sources */ = {isa = PBXBuildFile; fileRef = 840C380023B5509000EDF7A5 /* GDModuleSync.swift */; };
		840EEE002374215900361FB9 /* Alerts.swift in Sources */ = {isa = PBXBuildFile; fileRef = 840EEDFF2374215800361FB9 /* Alerts.swift */; };
		840EEE022374957000361FB9 /* ActivityView.swift in Sources */ = {isa = PBXBuildFile; fileRef = 840EEE012374957000361FB9 /* ActivityView.swift */; };
		841362FB23D992BC00D38F05 /* BadgeButtonItem.swift in Sources */ = {isa = PBXBuildFile; fileRef = 841362FA23D992BC00D38F05 /* BadgeButtonItem.swift */; };
		841362FD23D99FE500D38F05 /* HCModule.swift in Sources */ = {isa = PBXBuildFile; fileRef = 841362FC23D99FE500D38F05 /* HCModule.swift */; };
		841362FF23D9AA9A00D38F05 /* SettingCell.swift in Sources */ = {isa = PBXBuildFile; fileRef = 841362FE23D9AA9A00D38F05 /* SettingCell.swift */; };
		8425689F237D475C00F4CD7A /* ImageZoomView.swift in Sources */ = {isa = PBXBuildFile; fileRef = 8425689E237D475C00F4CD7A /* ImageZoomView.swift */; };
		842568A1237D4C1100F4CD7A /* GSGalleryVC.swift in Sources */ = {isa = PBXBuildFile; fileRef = 842568A0237D4C1100F4CD7A /* GSGalleryVC.swift */; };
		843DF2DB2373BF3B00F856ED /* GDExplorerController.swift in Sources */ = {isa = PBXBuildFile; fileRef = 843DF2DA2373BF3B00F856ED /* GDExplorerController.swift */; };
		843DF2DD2373CA9F00F856ED /* FileTableViewCell.swift in Sources */ = {isa = PBXBuildFile; fileRef = 843DF2DC2373CA9E00F856ED /* FileTableViewCell.swift */; };
		843DF2E02373D00E00F856ED /* ImageView+Download.swift in Sources */ = {isa = PBXBuildFile; fileRef = 843DF2DF2373D00E00F856ED /* ImageView+Download.swift */; };
		843FAAD323C9D36F00A05196 /* ShareViewController.swift in Sources */ = {isa = PBXBuildFile; fileRef = 843FAAD223C9D36F00A05196 /* ShareViewController.swift */; };
		843FAAD423C9D38A00A05196 /* ActivityView.swift in Sources */ = {isa = PBXBuildFile; fileRef = 840EEE012374957000361FB9 /* ActivityView.swift */; };
		843FAAD523C9D38D00A05196 /* SqliteManager.swift in Sources */ = {isa = PBXBuildFile; fileRef = 84BE2AAB23904B9400F1BE53 /* SqliteManager.swift */; };
		843FAAD623C9D39200A05196 /* PHModule.swift in Sources */ = {isa = PBXBuildFile; fileRef = 84A28E43238C85F20017DD06 /* PHModule.swift */; };
		843FAAD723C9D39500A05196 /* PHModuleSync.swift in Sources */ = {isa = PBXBuildFile; fileRef = 849E45EB23AF192C000FCC76 /* PHModuleSync.swift */; };
		843FAAD823C9D39700A05196 /* Global.swift in Sources */ = {isa = PBXBuildFile; fileRef = 840A34C72397118500A14491 /* Global.swift */; };
		843FAAD923C9D39C00A05196 /* Alerts.swift in Sources */ = {isa = PBXBuildFile; fileRef = 840EEDFF2374215800361FB9 /* Alerts.swift */; };
		843FAADA23C9D39E00A05196 /* ImageView+Download.swift in Sources */ = {isa = PBXBuildFile; fileRef = 843DF2DF2373D00E00F856ED /* ImageView+Download.swift */; };
		843FAADC23C9D3AA00A05196 /* GDBModule.swift in Sources */ = {isa = PBXBuildFile; fileRef = 84D85D472384A1710042C4DF /* GDBModule.swift */; };
		843FAADD23C9D3AA00A05196 /* GDModule.swift in Sources */ = {isa = PBXBuildFile; fileRef = 84BCF77B237268FE00367EAB /* GDModule.swift */; };
		843FAADE23C9D3AA00A05196 /* GDModuleSync.swift in Sources */ = {isa = PBXBuildFile; fileRef = 840C380023B5509000EDF7A5 /* GDModuleSync.swift */; };
		843FAADF23C9D3AA00A05196 /* GFSModule.swift in Sources */ = {isa = PBXBuildFile; fileRef = 848E2DD22385F11300620877 /* GFSModule.swift */; };
		843FAAE023C9D3AA00A05196 /* GFSModuleSync.swift in Sources */ = {isa = PBXBuildFile; fileRef = 84F90E8B23B16A8B00A5202A /* GFSModuleSync.swift */; };
		843FAAE123C9D3AA00A05196 /* GSModule.swift in Sources */ = {isa = PBXBuildFile; fileRef = 84D004CD237913CD00929662 /* GSModule.swift */; };
		843FAAE223C9D3AA00A05196 /* GSModuleSync.swift in Sources */ = {isa = PBXBuildFile; fileRef = 849E45E923AED593000FCC76 /* GSModuleSync.swift */; };
		843FAAE323C9D3AA00A05196 /* SyncModule.swift in Sources */ = {isa = PBXBuildFile; fileRef = 84BE2AAD2390B8A000F1BE53 /* SyncModule.swift */; };
		843FAAE423C9D3E200A05196 /* PhotoCell.swift in Sources */ = {isa = PBXBuildFile; fileRef = 84CBDD9423AC2A15008AE632 /* PhotoCell.swift */; };
		8455A47723C8896B005B8742 /* MainInterface.storyboard in Resources */ = {isa = PBXBuildFile; fileRef = 8455A47523C8896B005B8742 /* MainInterface.storyboard */; };
		8455A47B23C8896B005B8742 /* Ohana Sync.appex in Embed App Extensions */ = {isa = PBXBuildFile; fileRef = 8455A47123C8896B005B8742 /* Ohana Sync.appex */; settings = {ATTRIBUTES = (RemoveHeadersOnCopy, ); }; };
		8455A48123C88E0C005B8742 /* GoogleService-Info.plist in Resources */ = {isa = PBXBuildFile; fileRef = 8455A48023C88E0C005B8742 /* GoogleService-Info.plist */; };
		846589A8237623520050AE40 /* GoogleService-Info.plist in Resources */ = {isa = PBXBuildFile; fileRef = 846589A7237623510050AE40 /* GoogleService-Info.plist */; };
		84688AD823A9869500D1D9E1 /* HomeVC.swift in Sources */ = {isa = PBXBuildFile; fileRef = 84688AD723A9869500D1D9E1 /* HomeVC.swift */; };
		848E2DD32385F11300620877 /* GFSModule.swift in Sources */ = {isa = PBXBuildFile; fileRef = 848E2DD22385F11300620877 /* GFSModule.swift */; };
		849A974323822F8D003E985E /* NavigationRootVC.swift in Sources */ = {isa = PBXBuildFile; fileRef = 849A974223822F8D003E985E /* NavigationRootVC.swift */; };
		849BCE4F23E13DC200180595 /* NotificationsVC.swift in Sources */ = {isa = PBXBuildFile; fileRef = 849BCE4E23E13DC200180595 /* NotificationsVC.swift */; };
		849E45EA23AED593000FCC76 /* GSModuleSync.swift in Sources */ = {isa = PBXBuildFile; fileRef = 849E45E923AED593000FCC76 /* GSModuleSync.swift */; };
		849E45EC23AF192D000FCC76 /* PHModuleSync.swift in Sources */ = {isa = PBXBuildFile; fileRef = 849E45EB23AF192C000FCC76 /* PHModuleSync.swift */; };
		84A0F89123AA0F5300DA7BF6 /* LocationVC.swift in Sources */ = {isa = PBXBuildFile; fileRef = 84A0F89023AA0F5300DA7BF6 /* LocationVC.swift */; };
		84A28E44238C85F20017DD06 /* PHModule.swift in Sources */ = {isa = PBXBuildFile; fileRef = 84A28E43238C85F20017DD06 /* PHModule.swift */; };
		84A28E46238C904D0017DD06 /* ImagePickerModule.swift in Sources */ = {isa = PBXBuildFile; fileRef = 84A28E45238C904D0017DD06 /* ImagePickerModule.swift */; };
		84ADEFB023C7047F0037BBF2 /* mark.png in Resources */ = {isa = PBXBuildFile; fileRef = 84ADEFAF23C7047F0037BBF2 /* mark.png */; };
		84ADEFB223C705C10037BBF2 /* SplashVC.swift in Sources */ = {isa = PBXBuildFile; fileRef = 84ADEFB123C705C10037BBF2 /* SplashVC.swift */; };
		84B4144823A0E44100075A80 /* SettingVC.swift in Sources */ = {isa = PBXBuildFile; fileRef = 84B4144723A0E44100075A80 /* SettingVC.swift */; };
		84BCF77C237268FE00367EAB /* GDModule.swift in Sources */ = {isa = PBXBuildFile; fileRef = 84BCF77B237268FE00367EAB /* GDModule.swift */; };
		84BE2AAC23904B9400F1BE53 /* SqliteManager.swift in Sources */ = {isa = PBXBuildFile; fileRef = 84BE2AAB23904B9400F1BE53 /* SqliteManager.swift */; };
		84BE2AAE2390B8A000F1BE53 /* SyncModule.swift in Sources */ = {isa = PBXBuildFile; fileRef = 84BE2AAD2390B8A000F1BE53 /* SyncModule.swift */; };
		84BE63C223717A45002F2C66 /* AppDelegate.swift in Sources */ = {isa = PBXBuildFile; fileRef = 84BE63C123717A45002F2C66 /* AppDelegate.swift */; };
		84BE63C623717A45002F2C66 /* SignInViewController.swift in Sources */ = {isa = PBXBuildFile; fileRef = 84BE63C523717A45002F2C66 /* SignInViewController.swift */; };
		84BE63C923717A45002F2C66 /* Main.storyboard in Resources */ = {isa = PBXBuildFile; fileRef = 84BE63C723717A45002F2C66 /* Main.storyboard */; };
		84BE63CB23717A48002F2C66 /* Assets.xcassets in Resources */ = {isa = PBXBuildFile; fileRef = 84BE63CA23717A48002F2C66 /* Assets.xcassets */; };
		84BE63CE23717A48002F2C66 /* LaunchScreen.storyboard in Resources */ = {isa = PBXBuildFile; fileRef = 84BE63CC23717A48002F2C66 /* LaunchScreen.storyboard */; };
		84C18A7823DFA31000C86D45 /* SearchFieldVC.swift in Sources */ = {isa = PBXBuildFile; fileRef = 84C18A7723DFA31000C86D45 /* SearchFieldVC.swift */; };
		84C502DE23ADD15000EE073F /* GSAlbumVC.swift in Sources */ = {isa = PBXBuildFile; fileRef = 84C502DD23ADD14F00EE073F /* GSAlbumVC.swift */; };
		84C5F64B23B76C090048929F /* MainVC.swift in Sources */ = {isa = PBXBuildFile; fileRef = 84C5F64A23B76C080048929F /* MainVC.swift */; };
		84C90ED12389F1FC00EFFCCE /* LocalAlbumVC.swift in Sources */ = {isa = PBXBuildFile; fileRef = 84C90ED02389F1FB00EFFCCE /* LocalAlbumVC.swift */; };
		84CBDD9523AC2A15008AE632 /* PhotoCell.swift in Sources */ = {isa = PBXBuildFile; fileRef = 84CBDD9423AC2A15008AE632 /* PhotoCell.swift */; };
		84D004CE237913CD00929662 /* GSExplorerController.swift in Sources */ = {isa = PBXBuildFile; fileRef = 84D004CC237913CD00929662 /* GSExplorerController.swift */; };
		84D004CF237913CD00929662 /* GSModule.swift in Sources */ = {isa = PBXBuildFile; fileRef = 84D004CD237913CD00929662 /* GSModule.swift */; };
		84D4BE6923CE9FCE00D5A557 /* AuthenticationServices.framework in Frameworks */ = {isa = PBXBuildFile; fileRef = 84D4BE6823CE9FCE00D5A557 /* AuthenticationServices.framework */; };
		84D4BE6A23CE9FD700D5A557 /* AuthenticationServices.framework in Frameworks */ = {isa = PBXBuildFile; fileRef = 84D4BE6823CE9FCE00D5A557 /* AuthenticationServices.framework */; };
		84D7CE3C238AD47400C15CF6 /* LocalGalleryVC.swift in Sources */ = {isa = PBXBuildFile; fileRef = 84D7CE3B238AD47400C15CF6 /* LocalGalleryVC.swift */; };
		84D85D482384A1710042C4DF /* GDBModule.swift in Sources */ = {isa = PBXBuildFile; fileRef = 84D85D472384A1710042C4DF /* GDBModule.swift */; };
		84E90E6323E03B810000FCC8 /* UserListVC.swift in Sources */ = {isa = PBXBuildFile; fileRef = 84E90E6223E03B810000FCC8 /* UserListVC.swift */; };
		84F6A4AF23DFDE64008CDF7B /* DatePickerVC.swift in Sources */ = {isa = PBXBuildFile; fileRef = 84F6A4AE23DFDE64008CDF7B /* DatePickerVC.swift */; };
		84F90E8C23B16A8B00A5202A /* GFSModuleSync.swift in Sources */ = {isa = PBXBuildFile; fileRef = 84F90E8B23B16A8B00A5202A /* GFSModuleSync.swift */; };
		982CA3432B9D7D26CDCAC42C /* Pods_SharePhoto.framework in Frameworks */ = {isa = PBXBuildFile; fileRef = A5440FAA37D46DEBA833062B /* Pods_SharePhoto.framework */; };
/* End PBXBuildFile section */

/* Begin PBXContainerItemProxy section */
		8455A47923C8896B005B8742 /* PBXContainerItemProxy */ = {
			isa = PBXContainerItemProxy;
			containerPortal = 84BE63B623717A45002F2C66 /* Project object */;
			proxyType = 1;
			remoteGlobalIDString = 8455A47023C8896B005B8742;
			remoteInfo = "Ohana Sync";
		};
/* End PBXContainerItemProxy section */

/* Begin PBXCopyFilesBuildPhase section */
		8455A47C23C8896B005B8742 /* Embed App Extensions */ = {
			isa = PBXCopyFilesBuildPhase;
			buildActionMask = 2147483647;
			dstPath = "";
			dstSubfolderSpec = 13;
			files = (
				8455A47B23C8896B005B8742 /* Ohana Sync.appex in Embed App Extensions */,
			);
			name = "Embed App Extensions";
			runOnlyForDeploymentPostprocessing = 0;
		};
/* End PBXCopyFilesBuildPhase section */

/* Begin PBXFileReference section */
		23F3561F6651AAA6AEF9012F /* Pods-SharePhoto.release.xcconfig */ = {isa = PBXFileReference; includeInIndex = 1; lastKnownFileType = text.xcconfig; name = "Pods-SharePhoto.release.xcconfig"; path = "Target Support Files/Pods-SharePhoto/Pods-SharePhoto.release.xcconfig"; sourceTree = "<group>"; };
		71F0A8DF713105CA5760F56E /* Pods-SharePhoto.debug.xcconfig */ = {isa = PBXFileReference; includeInIndex = 1; lastKnownFileType = text.xcconfig; name = "Pods-SharePhoto.debug.xcconfig"; path = "Target Support Files/Pods-SharePhoto/Pods-SharePhoto.debug.xcconfig"; sourceTree = "<group>"; };
		840A34C72397118500A14491 /* Global.swift */ = {isa = PBXFileReference; fileEncoding = 4; lastKnownFileType = sourcecode.swift; path = Global.swift; sourceTree = "<group>"; };
		840C380023B5509000EDF7A5 /* GDModuleSync.swift */ = {isa = PBXFileReference; fileEncoding = 4; lastKnownFileType = sourcecode.swift; path = GDModuleSync.swift; sourceTree = "<group>"; };
		840EEDFF2374215800361FB9 /* Alerts.swift */ = {isa = PBXFileReference; lastKnownFileType = sourcecode.swift; path = Alerts.swift; sourceTree = "<group>"; };
		840EEE012374957000361FB9 /* ActivityView.swift */ = {isa = PBXFileReference; lastKnownFileType = sourcecode.swift; path = ActivityView.swift; sourceTree = "<group>"; };
		841362FA23D992BC00D38F05 /* BadgeButtonItem.swift */ = {isa = PBXFileReference; lastKnownFileType = sourcecode.swift; path = BadgeButtonItem.swift; sourceTree = "<group>"; };
		841362FC23D99FE500D38F05 /* HCModule.swift */ = {isa = PBXFileReference; fileEncoding = 4; lastKnownFileType = sourcecode.swift; path = HCModule.swift; sourceTree = "<group>"; };
		841362FE23D9AA9A00D38F05 /* SettingCell.swift */ = {isa = PBXFileReference; fileEncoding = 4; lastKnownFileType = sourcecode.swift; path = SettingCell.swift; sourceTree = "<group>"; };
		8425689E237D475C00F4CD7A /* ImageZoomView.swift */ = {isa = PBXFileReference; lastKnownFileType = sourcecode.swift; path = ImageZoomView.swift; sourceTree = "<group>"; };
		842568A0237D4C1100F4CD7A /* GSGalleryVC.swift */ = {isa = PBXFileReference; lastKnownFileType = sourcecode.swift; path = GSGalleryVC.swift; sourceTree = "<group>"; };
		843DF2DA2373BF3B00F856ED /* GDExplorerController.swift */ = {isa = PBXFileReference; lastKnownFileType = sourcecode.swift; path = GDExplorerController.swift; sourceTree = "<group>"; };
		843DF2DC2373CA9E00F856ED /* FileTableViewCell.swift */ = {isa = PBXFileReference; lastKnownFileType = sourcecode.swift; path = FileTableViewCell.swift; sourceTree = "<group>"; };
		843DF2DF2373D00E00F856ED /* ImageView+Download.swift */ = {isa = PBXFileReference; lastKnownFileType = sourcecode.swift; path = "ImageView+Download.swift"; sourceTree = "<group>"; };
		843FAAD223C9D36F00A05196 /* ShareViewController.swift */ = {isa = PBXFileReference; fileEncoding = 4; lastKnownFileType = sourcecode.swift; path = ShareViewController.swift; sourceTree = "<group>"; };
		8455A47123C8896B005B8742 /* Ohana Sync.appex */ = {isa = PBXFileReference; explicitFileType = "wrapper.app-extension"; includeInIndex = 0; path = "Ohana Sync.appex"; sourceTree = BUILT_PRODUCTS_DIR; };
		8455A47623C8896B005B8742 /* Base */ = {isa = PBXFileReference; lastKnownFileType = file.storyboard; name = Base; path = Base.lproj/MainInterface.storyboard; sourceTree = "<group>"; };
		8455A47823C8896B005B8742 /* Info.plist */ = {isa = PBXFileReference; lastKnownFileType = text.plist.xml; path = Info.plist; sourceTree = "<group>"; };
		8455A48023C88E0C005B8742 /* GoogleService-Info.plist */ = {isa = PBXFileReference; fileEncoding = 4; lastKnownFileType = text.plist.xml; path = "GoogleService-Info.plist"; sourceTree = "<group>"; };
		8455A48223C88F18005B8742 /* Ohana Sync.entitlements */ = {isa = PBXFileReference; lastKnownFileType = text.plist.entitlements; path = "Ohana Sync.entitlements"; sourceTree = "<group>"; };
		8455A48323C88F73005B8742 /* Ohana Sync.entitlements */ = {isa = PBXFileReference; lastKnownFileType = text.plist.entitlements; path = "Ohana Sync.entitlements"; sourceTree = "<group>"; };
		846589A7237623510050AE40 /* GoogleService-Info.plist */ = {isa = PBXFileReference; fileEncoding = 4; lastKnownFileType = text.plist.xml; path = "GoogleService-Info.plist"; sourceTree = "<group>"; };
		84688AD723A9869500D1D9E1 /* HomeVC.swift */ = {isa = PBXFileReference; fileEncoding = 4; lastKnownFileType = sourcecode.swift; path = HomeVC.swift; sourceTree = "<group>"; };
		848E2DD22385F11300620877 /* GFSModule.swift */ = {isa = PBXFileReference; fileEncoding = 4; lastKnownFileType = sourcecode.swift; path = GFSModule.swift; sourceTree = "<group>"; };
		849A974223822F8D003E985E /* NavigationRootVC.swift */ = {isa = PBXFileReference; lastKnownFileType = sourcecode.swift; path = NavigationRootVC.swift; sourceTree = "<group>"; };
		849BCE4E23E13DC200180595 /* NotificationsVC.swift */ = {isa = PBXFileReference; lastKnownFileType = sourcecode.swift; path = NotificationsVC.swift; sourceTree = "<group>"; };
		849E45E923AED593000FCC76 /* GSModuleSync.swift */ = {isa = PBXFileReference; fileEncoding = 4; lastKnownFileType = sourcecode.swift; path = GSModuleSync.swift; sourceTree = "<group>"; };
		849E45EB23AF192C000FCC76 /* PHModuleSync.swift */ = {isa = PBXFileReference; fileEncoding = 4; lastKnownFileType = sourcecode.swift; path = PHModuleSync.swift; sourceTree = "<group>"; };
		84A0F89023AA0F5300DA7BF6 /* LocationVC.swift */ = {isa = PBXFileReference; fileEncoding = 4; lastKnownFileType = sourcecode.swift; path = LocationVC.swift; sourceTree = "<group>"; };
		84A28E43238C85F20017DD06 /* PHModule.swift */ = {isa = PBXFileReference; lastKnownFileType = sourcecode.swift; path = PHModule.swift; sourceTree = "<group>"; };
		84A28E45238C904D0017DD06 /* ImagePickerModule.swift */ = {isa = PBXFileReference; lastKnownFileType = sourcecode.swift; path = ImagePickerModule.swift; sourceTree = "<group>"; };
		84ADEFAF23C7047F0037BBF2 /* mark.png */ = {isa = PBXFileReference; lastKnownFileType = image.png; name = mark.png; path = Resource/mark.png; sourceTree = SOURCE_ROOT; };
		84ADEFB123C705C10037BBF2 /* SplashVC.swift */ = {isa = PBXFileReference; lastKnownFileType = sourcecode.swift; name = SplashVC.swift; path = SharePhoto/ViewControllers/SplashVC.swift; sourceTree = SOURCE_ROOT; };
		84B4144723A0E44100075A80 /* SettingVC.swift */ = {isa = PBXFileReference; fileEncoding = 4; lastKnownFileType = sourcecode.swift; path = SettingVC.swift; sourceTree = "<group>"; };
		84BCF77B237268FE00367EAB /* GDModule.swift */ = {isa = PBXFileReference; lastKnownFileType = sourcecode.swift; path = GDModule.swift; sourceTree = "<group>"; };
		84BE2AAB23904B9400F1BE53 /* SqliteManager.swift */ = {isa = PBXFileReference; lastKnownFileType = sourcecode.swift; path = SqliteManager.swift; sourceTree = "<group>"; };
		84BE2AAD2390B8A000F1BE53 /* SyncModule.swift */ = {isa = PBXFileReference; lastKnownFileType = sourcecode.swift; path = SyncModule.swift; sourceTree = "<group>"; };
		84BE63BE23717A45002F2C66 /* Ohana Sync.app */ = {isa = PBXFileReference; explicitFileType = wrapper.application; includeInIndex = 0; path = "Ohana Sync.app"; sourceTree = BUILT_PRODUCTS_DIR; };
		84BE63C123717A45002F2C66 /* AppDelegate.swift */ = {isa = PBXFileReference; lastKnownFileType = sourcecode.swift; path = AppDelegate.swift; sourceTree = "<group>"; };
		84BE63C523717A45002F2C66 /* SignInViewController.swift */ = {isa = PBXFileReference; lastKnownFileType = sourcecode.swift; path = SignInViewController.swift; sourceTree = "<group>"; };
		84BE63C823717A45002F2C66 /* Base */ = {isa = PBXFileReference; lastKnownFileType = file.storyboard; name = Base; path = Base.lproj/Main.storyboard; sourceTree = "<group>"; };
		84BE63CA23717A48002F2C66 /* Assets.xcassets */ = {isa = PBXFileReference; lastKnownFileType = folder.assetcatalog; path = Assets.xcassets; sourceTree = "<group>"; };
		84BE63CD23717A48002F2C66 /* Base */ = {isa = PBXFileReference; lastKnownFileType = file.storyboard; name = Base; path = Base.lproj/LaunchScreen.storyboard; sourceTree = "<group>"; };
		84BE63CF23717A48002F2C66 /* Info.plist */ = {isa = PBXFileReference; lastKnownFileType = text.plist.xml; path = Info.plist; sourceTree = "<group>"; };
		84C18A7723DFA31000C86D45 /* SearchFieldVC.swift */ = {isa = PBXFileReference; lastKnownFileType = sourcecode.swift; path = SearchFieldVC.swift; sourceTree = "<group>"; };
		84C502DD23ADD14F00EE073F /* GSAlbumVC.swift */ = {isa = PBXFileReference; fileEncoding = 4; lastKnownFileType = sourcecode.swift; path = GSAlbumVC.swift; sourceTree = "<group>"; };
		84C5F64A23B76C080048929F /* MainVC.swift */ = {isa = PBXFileReference; fileEncoding = 4; lastKnownFileType = sourcecode.swift; path = MainVC.swift; sourceTree = "<group>"; };
		84C90ED02389F1FB00EFFCCE /* LocalAlbumVC.swift */ = {isa = PBXFileReference; fileEncoding = 4; lastKnownFileType = sourcecode.swift; path = LocalAlbumVC.swift; sourceTree = "<group>"; };
		84CBDD9423AC2A15008AE632 /* PhotoCell.swift */ = {isa = PBXFileReference; lastKnownFileType = sourcecode.swift; path = PhotoCell.swift; sourceTree = "<group>"; };
		84D004CC237913CD00929662 /* GSExplorerController.swift */ = {isa = PBXFileReference; fileEncoding = 4; lastKnownFileType = sourcecode.swift; path = GSExplorerController.swift; sourceTree = "<group>"; };
		84D004CD237913CD00929662 /* GSModule.swift */ = {isa = PBXFileReference; fileEncoding = 4; lastKnownFileType = sourcecode.swift; path = GSModule.swift; sourceTree = "<group>"; };
		84D4BE6823CE9FCE00D5A557 /* AuthenticationServices.framework */ = {isa = PBXFileReference; lastKnownFileType = wrapper.framework; name = AuthenticationServices.framework; path = System/Library/Frameworks/AuthenticationServices.framework; sourceTree = SDKROOT; };
		84D7CE3B238AD47400C15CF6 /* LocalGalleryVC.swift */ = {isa = PBXFileReference; fileEncoding = 4; lastKnownFileType = sourcecode.swift; path = LocalGalleryVC.swift; sourceTree = "<group>"; };
		84D85D472384A1710042C4DF /* GDBModule.swift */ = {isa = PBXFileReference; fileEncoding = 4; lastKnownFileType = sourcecode.swift; path = GDBModule.swift; sourceTree = "<group>"; };
		84E90E6223E03B810000FCC8 /* UserListVC.swift */ = {isa = PBXFileReference; lastKnownFileType = sourcecode.swift; path = UserListVC.swift; sourceTree = "<group>"; };
		84F6A4AE23DFDE64008CDF7B /* DatePickerVC.swift */ = {isa = PBXFileReference; lastKnownFileType = sourcecode.swift; path = DatePickerVC.swift; sourceTree = "<group>"; };
		84F90E8B23B16A8B00A5202A /* GFSModuleSync.swift */ = {isa = PBXFileReference; fileEncoding = 4; lastKnownFileType = sourcecode.swift; path = GFSModuleSync.swift; sourceTree = "<group>"; };
		A04DAABF438DDC1E4E24BAA0 /* Pods_Ohana_Sync.framework */ = {isa = PBXFileReference; explicitFileType = wrapper.framework; includeInIndex = 0; path = Pods_Ohana_Sync.framework; sourceTree = BUILT_PRODUCTS_DIR; };
		A5440FAA37D46DEBA833062B /* Pods_SharePhoto.framework */ = {isa = PBXFileReference; explicitFileType = wrapper.framework; includeInIndex = 0; path = Pods_SharePhoto.framework; sourceTree = BUILT_PRODUCTS_DIR; };
		D0CF714DA850A4111CE21596 /* Pods-Ohana Sync.release.xcconfig */ = {isa = PBXFileReference; includeInIndex = 1; lastKnownFileType = text.xcconfig; name = "Pods-Ohana Sync.release.xcconfig"; path = "Target Support Files/Pods-Ohana Sync/Pods-Ohana Sync.release.xcconfig"; sourceTree = "<group>"; };
		F42887ECE70F9335ECF15268 /* Pods-Ohana Sync.debug.xcconfig */ = {isa = PBXFileReference; includeInIndex = 1; lastKnownFileType = text.xcconfig; name = "Pods-Ohana Sync.debug.xcconfig"; path = "Target Support Files/Pods-Ohana Sync/Pods-Ohana Sync.debug.xcconfig"; sourceTree = "<group>"; };
/* End PBXFileReference section */

/* Begin PBXFrameworksBuildPhase section */
		8455A46E23C8896B005B8742 /* Frameworks */ = {
			isa = PBXFrameworksBuildPhase;
			buildActionMask = 2147483647;
			files = (
				84D4BE6A23CE9FD700D5A557 /* AuthenticationServices.framework in Frameworks */,
				3E3D6B73EC6F91C96EF0FBC2 /* Pods_Ohana_Sync.framework in Frameworks */,
			);
			runOnlyForDeploymentPostprocessing = 0;
		};
		84BE63BB23717A45002F2C66 /* Frameworks */ = {
			isa = PBXFrameworksBuildPhase;
			buildActionMask = 2147483647;
			files = (
				84D4BE6923CE9FCE00D5A557 /* AuthenticationServices.framework in Frameworks */,
				982CA3432B9D7D26CDCAC42C /* Pods_SharePhoto.framework in Frameworks */,
			);
			runOnlyForDeploymentPostprocessing = 0;
		};
/* End PBXFrameworksBuildPhase section */

/* Begin PBXGroup section */
		2E46D195DE4483A0A4FCC7AE /* Pods */ = {
			isa = PBXGroup;
			children = (
				71F0A8DF713105CA5760F56E /* Pods-SharePhoto.debug.xcconfig */,
				23F3561F6651AAA6AEF9012F /* Pods-SharePhoto.release.xcconfig */,
				F42887ECE70F9335ECF15268 /* Pods-Ohana Sync.debug.xcconfig */,
				D0CF714DA850A4111CE21596 /* Pods-Ohana Sync.release.xcconfig */,
			);
			path = Pods;
			sourceTree = "<group>";
		};
		75671C38A7073525865E291A /* Frameworks */ = {
			isa = PBXGroup;
			children = (
				84D4BE6823CE9FCE00D5A557 /* AuthenticationServices.framework */,
				A5440FAA37D46DEBA833062B /* Pods_SharePhoto.framework */,
				A04DAABF438DDC1E4E24BAA0 /* Pods_Ohana_Sync.framework */,
			);
			name = Frameworks;
			sourceTree = "<group>";
		};
		8455A47223C8896B005B8742 /* Ohana Sync */ = {
			isa = PBXGroup;
			children = (
				8455A48323C88F73005B8742 /* Ohana Sync.entitlements */,
				843FAAD223C9D36F00A05196 /* ShareViewController.swift */,
				8455A48023C88E0C005B8742 /* GoogleService-Info.plist */,
				8455A47523C8896B005B8742 /* MainInterface.storyboard */,
				8455A47823C8896B005B8742 /* Info.plist */,
			);
			path = "Ohana Sync";
			sourceTree = "<group>";
		};
		846589A92376291D0050AE40 /* Common */ = {
			isa = PBXGroup;
			children = (
				840A34C72397118500A14491 /* Global.swift */,
				841362FC23D99FE500D38F05 /* HCModule.swift */,
				849E45EB23AF192C000FCC76 /* PHModuleSync.swift */,
				84A28E43238C85F20017DD06 /* PHModule.swift */,
				84BE2AAB23904B9400F1BE53 /* SqliteManager.swift */,
				840EEE012374957000361FB9 /* ActivityView.swift */,
				840EEDFF2374215800361FB9 /* Alerts.swift */,
				843DF2DF2373D00E00F856ED /* ImageView+Download.swift */,
				84A28E45238C904D0017DD06 /* ImagePickerModule.swift */,
				841362FA23D992BC00D38F05 /* BadgeButtonItem.swift */,
			);
			path = Common;
			sourceTree = "<group>";
		};
		84A28E42238C85A30017DD06 /* TableCell */ = {
			isa = PBXGroup;
			children = (
				843DF2DC2373CA9E00F856ED /* FileTableViewCell.swift */,
			);
			path = TableCell;
			sourceTree = "<group>";
		};
		84AA678723AB29E2001FE9FC /* TabVC */ = {
			isa = PBXGroup;
			children = (
				84CBDD9423AC2A15008AE632 /* PhotoCell.swift */,
				841362FE23D9AA9A00D38F05 /* SettingCell.swift */,
				84688AD723A9869500D1D9E1 /* HomeVC.swift */,
				84A0F89023AA0F5300DA7BF6 /* LocationVC.swift */,
				84B4144723A0E44100075A80 /* SettingVC.swift */,
				84C18A7723DFA31000C86D45 /* SearchFieldVC.swift */,
				84F6A4AE23DFDE64008CDF7B /* DatePickerVC.swift */,
				84E90E6223E03B810000FCC8 /* UserListVC.swift */,
				849BCE4E23E13DC200180595 /* NotificationsVC.swift */,
			);
			path = TabVC;
			sourceTree = "<group>";
		};
		84BE63B523717A45002F2C66 = {
			isa = PBXGroup;
			children = (
				84BE63C023717A45002F2C66 /* SharePhoto */,
				8455A47223C8896B005B8742 /* Ohana Sync */,
				84BE63BF23717A45002F2C66 /* Products */,
				2E46D195DE4483A0A4FCC7AE /* Pods */,
				75671C38A7073525865E291A /* Frameworks */,
			);
			sourceTree = "<group>";
		};
		84BE63BF23717A45002F2C66 /* Products */ = {
			isa = PBXGroup;
			children = (
				84BE63BE23717A45002F2C66 /* Ohana Sync.app */,
				8455A47123C8896B005B8742 /* Ohana Sync.appex */,
			);
			name = Products;
			sourceTree = "<group>";
		};
		84BE63C023717A45002F2C66 /* SharePhoto */ = {
			isa = PBXGroup;
			children = (
				8455A48223C88F18005B8742 /* Ohana Sync.entitlements */,
				846589A92376291D0050AE40 /* Common */,
				84FAF70623877F4400A0E76C /* GoogleFirebase */,
				84C7815023AB72A500D8F92B /* ViewControllers */,
				84BE63C123717A45002F2C66 /* AppDelegate.swift */,
				84C5F64A23B76C080048929F /* MainVC.swift */,
				84BE63CF23717A48002F2C66 /* Info.plist */,
				84C7815123AB732200D8F92B /* SupportFiles */,
			);
			path = SharePhoto;
			sourceTree = "<group>";
		};
		84C7815023AB72A500D8F92B /* ViewControllers */ = {
			isa = PBXGroup;
			children = (
				84D004CB2379137E00929662 /* PhotoGallery */,
				84D7CE3D238B3D7E00C15CF6 /* TableVC */,
				84D7CE3E238B3DAA00C15CF6 /* AlbumVC */,
				84AA678723AB29E2001FE9FC /* TabVC */,
				849A974223822F8D003E985E /* NavigationRootVC.swift */,
				84BE63C523717A45002F2C66 /* SignInViewController.swift */,
				84ADEFB123C705C10037BBF2 /* SplashVC.swift */,
			);
			path = ViewControllers;
			sourceTree = "<group>";
		};
		84C7815123AB732200D8F92B /* SupportFiles */ = {
			isa = PBXGroup;
			children = (
				84BE63C723717A45002F2C66 /* Main.storyboard */,
				84BE63CC23717A48002F2C66 /* LaunchScreen.storyboard */,
				84ADEFAF23C7047F0037BBF2 /* mark.png */,
				84BE63CA23717A48002F2C66 /* Assets.xcassets */,
				846589A7237623510050AE40 /* GoogleService-Info.plist */,
			);
			path = SupportFiles;
			sourceTree = "<group>";
		};
		84D004CB2379137E00929662 /* PhotoGallery */ = {
			isa = PBXGroup;
			children = (
				8425689E237D475C00F4CD7A /* ImageZoomView.swift */,
				842568A0237D4C1100F4CD7A /* GSGalleryVC.swift */,
				84D7CE3B238AD47400C15CF6 /* LocalGalleryVC.swift */,
			);
			path = PhotoGallery;
			sourceTree = "<group>";
		};
		84D7CE3D238B3D7E00C15CF6 /* TableVC */ = {
			isa = PBXGroup;
			children = (
				84A28E42238C85A30017DD06 /* TableCell */,
				843DF2DA2373BF3B00F856ED /* GDExplorerController.swift */,
				84D004CC237913CD00929662 /* GSExplorerController.swift */,
			);
			path = TableVC;
			sourceTree = "<group>";
		};
		84D7CE3E238B3DAA00C15CF6 /* AlbumVC */ = {
			isa = PBXGroup;
			children = (
				84C502DD23ADD14F00EE073F /* GSAlbumVC.swift */,
				84C90ED02389F1FB00EFFCCE /* LocalAlbumVC.swift */,
			);
			path = AlbumVC;
			sourceTree = "<group>";
		};
		84FAF70623877F4400A0E76C /* GoogleFirebase */ = {
			isa = PBXGroup;
			children = (
				84D85D472384A1710042C4DF /* GDBModule.swift */,
				84BCF77B237268FE00367EAB /* GDModule.swift */,
				840C380023B5509000EDF7A5 /* GDModuleSync.swift */,
				848E2DD22385F11300620877 /* GFSModule.swift */,
				84F90E8B23B16A8B00A5202A /* GFSModuleSync.swift */,
				84D004CD237913CD00929662 /* GSModule.swift */,
				849E45E923AED593000FCC76 /* GSModuleSync.swift */,
				84BE2AAD2390B8A000F1BE53 /* SyncModule.swift */,
			);
			path = GoogleFirebase;
			sourceTree = "<group>";
		};
/* End PBXGroup section */

/* Begin PBXNativeTarget section */
		8455A47023C8896B005B8742 /* Ohana Sync */ = {
			isa = PBXNativeTarget;
			buildConfigurationList = 8455A47F23C8896B005B8742 /* Build configuration list for PBXNativeTarget "Ohana Sync" */;
			buildPhases = (
				569A10AADC225FEC17AB9610 /* [CP] Check Pods Manifest.lock */,
				8455A46D23C8896B005B8742 /* Sources */,
				8455A46E23C8896B005B8742 /* Frameworks */,
				8455A46F23C8896B005B8742 /* Resources */,
				D9E9FE2C7F2AC66B63AF2A6E /* [CP] Copy Pods Resources */,
			);
			buildRules = (
			);
			dependencies = (
			);
			name = "Ohana Sync";
			productName = "Ohana Sync";
			productReference = 8455A47123C8896B005B8742 /* Ohana Sync.appex */;
			productType = "com.apple.product-type.app-extension";
		};
		84BE63BD23717A45002F2C66 /* SharePhoto */ = {
			isa = PBXNativeTarget;
			buildConfigurationList = 84BE63D223717A48002F2C66 /* Build configuration list for PBXNativeTarget "SharePhoto" */;
			buildPhases = (
				6DFD81F2C8B935438F19C6D2 /* [CP] Check Pods Manifest.lock */,
				84BE63BA23717A45002F2C66 /* Sources */,
				84BE63BB23717A45002F2C66 /* Frameworks */,
				84BE63BC23717A45002F2C66 /* Resources */,
				2EE77920DCCD3A30F44963FD /* [CP] Embed Pods Frameworks */,
				4788DF8677311D3B44425430 /* [CP] Copy Pods Resources */,
				8455A47C23C8896B005B8742 /* Embed App Extensions */,
			);
			buildRules = (
			);
			dependencies = (
				8455A47A23C8896B005B8742 /* PBXTargetDependency */,
			);
			name = SharePhoto;
			productName = SharePhoto;
			productReference = 84BE63BE23717A45002F2C66 /* Ohana Sync.app */;
			productType = "com.apple.product-type.application";
		};
/* End PBXNativeTarget section */

/* Begin PBXProject section */
		84BE63B623717A45002F2C66 /* Project object */ = {
			isa = PBXProject;
			attributes = {
				LastSwiftUpdateCheck = 1110;
				LastUpgradeCheck = 1110;
				ORGANIZATIONNAME = Admin;
				TargetAttributes = {
					8455A47023C8896B005B8742 = {
						CreatedOnToolsVersion = 11.1;
					};
					84BE63BD23717A45002F2C66 = {
						CreatedOnToolsVersion = 11.1;
					};
				};
			};
			buildConfigurationList = 84BE63B923717A45002F2C66 /* Build configuration list for PBXProject "SharePhoto" */;
			compatibilityVersion = "Xcode 9.3";
			developmentRegion = en;
			hasScannedForEncodings = 0;
			knownRegions = (
				en,
				Base,
			);
			mainGroup = 84BE63B523717A45002F2C66;
			productRefGroup = 84BE63BF23717A45002F2C66 /* Products */;
			projectDirPath = "";
			projectRoot = "";
			targets = (
				84BE63BD23717A45002F2C66 /* SharePhoto */,
				8455A47023C8896B005B8742 /* Ohana Sync */,
			);
		};
/* End PBXProject section */

/* Begin PBXResourcesBuildPhase section */
		8455A46F23C8896B005B8742 /* Resources */ = {
			isa = PBXResourcesBuildPhase;
			buildActionMask = 2147483647;
			files = (
				8455A47723C8896B005B8742 /* MainInterface.storyboard in Resources */,
				8455A48123C88E0C005B8742 /* GoogleService-Info.plist in Resources */,
			);
			runOnlyForDeploymentPostprocessing = 0;
		};
		84BE63BC23717A45002F2C66 /* Resources */ = {
			isa = PBXResourcesBuildPhase;
			buildActionMask = 2147483647;
			files = (
				84BE63CE23717A48002F2C66 /* LaunchScreen.storyboard in Resources */,
				84ADEFB023C7047F0037BBF2 /* mark.png in Resources */,
				846589A8237623520050AE40 /* GoogleService-Info.plist in Resources */,
				84BE63CB23717A48002F2C66 /* Assets.xcassets in Resources */,
				84BE63C923717A45002F2C66 /* Main.storyboard in Resources */,
			);
			runOnlyForDeploymentPostprocessing = 0;
		};
/* End PBXResourcesBuildPhase section */

/* Begin PBXShellScriptBuildPhase section */
		2EE77920DCCD3A30F44963FD /* [CP] Embed Pods Frameworks */ = {
			isa = PBXShellScriptBuildPhase;
			buildActionMask = 2147483647;
			files = (
			);
			inputFileListPaths = (
				"${PODS_ROOT}/Target Support Files/Pods-SharePhoto/Pods-SharePhoto-frameworks-${CONFIGURATION}-input-files.xcfilelist",
			);
			name = "[CP] Embed Pods Frameworks";
			outputFileListPaths = (
				"${PODS_ROOT}/Target Support Files/Pods-SharePhoto/Pods-SharePhoto-frameworks-${CONFIGURATION}-output-files.xcfilelist",
			);
			runOnlyForDeploymentPostprocessing = 0;
			shellPath = /bin/sh;
			shellScript = "\"${PODS_ROOT}/Target Support Files/Pods-SharePhoto/Pods-SharePhoto-frameworks.sh\"\n";
			showEnvVarsInLog = 0;
		};
		4788DF8677311D3B44425430 /* [CP] Copy Pods Resources */ = {
			isa = PBXShellScriptBuildPhase;
			buildActionMask = 2147483647;
			files = (
			);
			inputFileListPaths = (
				"${PODS_ROOT}/Target Support Files/Pods-SharePhoto/Pods-SharePhoto-resources-${CONFIGURATION}-input-files.xcfilelist",
			);
			name = "[CP] Copy Pods Resources";
			outputFileListPaths = (
				"${PODS_ROOT}/Target Support Files/Pods-SharePhoto/Pods-SharePhoto-resources-${CONFIGURATION}-output-files.xcfilelist",
			);
			runOnlyForDeploymentPostprocessing = 0;
			shellPath = /bin/sh;
			shellScript = "\"${PODS_ROOT}/Target Support Files/Pods-SharePhoto/Pods-SharePhoto-resources.sh\"\n";
			showEnvVarsInLog = 0;
		};
		569A10AADC225FEC17AB9610 /* [CP] Check Pods Manifest.lock */ = {
			isa = PBXShellScriptBuildPhase;
			buildActionMask = 2147483647;
			files = (
			);
			inputFileListPaths = (
			);
			inputPaths = (
				"${PODS_PODFILE_DIR_PATH}/Podfile.lock",
				"${PODS_ROOT}/Manifest.lock",
			);
			name = "[CP] Check Pods Manifest.lock";
			outputFileListPaths = (
			);
			outputPaths = (
				"$(DERIVED_FILE_DIR)/Pods-Ohana Sync-checkManifestLockResult.txt",
			);
			runOnlyForDeploymentPostprocessing = 0;
			shellPath = /bin/sh;
			shellScript = "diff \"${PODS_PODFILE_DIR_PATH}/Podfile.lock\" \"${PODS_ROOT}/Manifest.lock\" > /dev/null\nif [ $? != 0 ] ; then\n    # print error to STDERR\n    echo \"error: The sandbox is not in sync with the Podfile.lock. Run 'pod install' or update your CocoaPods installation.\" >&2\n    exit 1\nfi\n# This output is used by Xcode 'outputs' to avoid re-running this script phase.\necho \"SUCCESS\" > \"${SCRIPT_OUTPUT_FILE_0}\"\n";
			showEnvVarsInLog = 0;
		};
		6DFD81F2C8B935438F19C6D2 /* [CP] Check Pods Manifest.lock */ = {
			isa = PBXShellScriptBuildPhase;
			buildActionMask = 2147483647;
			files = (
			);
			inputFileListPaths = (
			);
			inputPaths = (
				"${PODS_PODFILE_DIR_PATH}/Podfile.lock",
				"${PODS_ROOT}/Manifest.lock",
			);
			name = "[CP] Check Pods Manifest.lock";
			outputFileListPaths = (
			);
			outputPaths = (
				"$(DERIVED_FILE_DIR)/Pods-SharePhoto-checkManifestLockResult.txt",
			);
			runOnlyForDeploymentPostprocessing = 0;
			shellPath = /bin/sh;
			shellScript = "diff \"${PODS_PODFILE_DIR_PATH}/Podfile.lock\" \"${PODS_ROOT}/Manifest.lock\" > /dev/null\nif [ $? != 0 ] ; then\n    # print error to STDERR\n    echo \"error: The sandbox is not in sync with the Podfile.lock. Run 'pod install' or update your CocoaPods installation.\" >&2\n    exit 1\nfi\n# This output is used by Xcode 'outputs' to avoid re-running this script phase.\necho \"SUCCESS\" > \"${SCRIPT_OUTPUT_FILE_0}\"\n";
			showEnvVarsInLog = 0;
		};
		D9E9FE2C7F2AC66B63AF2A6E /* [CP] Copy Pods Resources */ = {
			isa = PBXShellScriptBuildPhase;
			buildActionMask = 2147483647;
			files = (
			);
			inputFileListPaths = (
				"${PODS_ROOT}/Target Support Files/Pods-Ohana Sync/Pods-Ohana Sync-resources-${CONFIGURATION}-input-files.xcfilelist",
			);
			name = "[CP] Copy Pods Resources";
			outputFileListPaths = (
				"${PODS_ROOT}/Target Support Files/Pods-Ohana Sync/Pods-Ohana Sync-resources-${CONFIGURATION}-output-files.xcfilelist",
			);
			runOnlyForDeploymentPostprocessing = 0;
			shellPath = /bin/sh;
			shellScript = "\"${PODS_ROOT}/Target Support Files/Pods-Ohana Sync/Pods-Ohana Sync-resources.sh\"\n";
			showEnvVarsInLog = 0;
		};
/* End PBXShellScriptBuildPhase section */

/* Begin PBXSourcesBuildPhase section */
		8455A46D23C8896B005B8742 /* Sources */ = {
			isa = PBXSourcesBuildPhase;
			buildActionMask = 2147483647;
			files = (
				843FAAD323C9D36F00A05196 /* ShareViewController.swift in Sources */,
				843FAAD923C9D39C00A05196 /* Alerts.swift in Sources */,
				843FAADD23C9D3AA00A05196 /* GDModule.swift in Sources */,
				843FAADF23C9D3AA00A05196 /* GFSModule.swift in Sources */,
				843FAAE023C9D3AA00A05196 /* GFSModuleSync.swift in Sources */,
				843FAADC23C9D3AA00A05196 /* GDBModule.swift in Sources */,
				843FAAD723C9D39500A05196 /* PHModuleSync.swift in Sources */,
				843FAAD423C9D38A00A05196 /* ActivityView.swift in Sources */,
				843FAAD523C9D38D00A05196 /* SqliteManager.swift in Sources */,
				843FAAE423C9D3E200A05196 /* PhotoCell.swift in Sources */,
				843FAAE223C9D3AA00A05196 /* GSModuleSync.swift in Sources */,
				843FAAD623C9D39200A05196 /* PHModule.swift in Sources */,
				843FAAE323C9D3AA00A05196 /* SyncModule.swift in Sources */,
				843FAADA23C9D39E00A05196 /* ImageView+Download.swift in Sources */,
				843FAAD823C9D39700A05196 /* Global.swift in Sources */,
				843FAAE123C9D3AA00A05196 /* GSModule.swift in Sources */,
				843FAADE23C9D3AA00A05196 /* GDModuleSync.swift in Sources */,
			);
			runOnlyForDeploymentPostprocessing = 0;
		};
		84BE63BA23717A45002F2C66 /* Sources */ = {
			isa = PBXSourcesBuildPhase;
			buildActionMask = 2147483647;
			files = (
				84CBDD9523AC2A15008AE632 /* PhotoCell.swift in Sources */,
				848E2DD32385F11300620877 /* GFSModule.swift in Sources */,
				84C502DE23ADD15000EE073F /* GSAlbumVC.swift in Sources */,
				84A28E46238C904D0017DD06 /* ImagePickerModule.swift in Sources */,
				84C5F64B23B76C090048929F /* MainVC.swift in Sources */,
				84ADEFB223C705C10037BBF2 /* SplashVC.swift in Sources */,
				84BE63C623717A45002F2C66 /* SignInViewController.swift in Sources */,
				84688AD823A9869500D1D9E1 /* HomeVC.swift in Sources */,
				843DF2DD2373CA9F00F856ED /* FileTableViewCell.swift in Sources */,
				84BE2AAE2390B8A000F1BE53 /* SyncModule.swift in Sources */,
				84A28E44238C85F20017DD06 /* PHModule.swift in Sources */,
				849BCE4F23E13DC200180595 /* NotificationsVC.swift in Sources */,
				842568A1237D4C1100F4CD7A /* GSGalleryVC.swift in Sources */,
				841362FB23D992BC00D38F05 /* BadgeButtonItem.swift in Sources */,
				840EEE002374215900361FB9 /* Alerts.swift in Sources */,
				841362FD23D99FE500D38F05 /* HCModule.swift in Sources */,
				84C90ED12389F1FC00EFFCCE /* LocalAlbumVC.swift in Sources */,
				849E45EA23AED593000FCC76 /* GSModuleSync.swift in Sources */,
				84BE63C223717A45002F2C66 /* AppDelegate.swift in Sources */,
				84BE2AAC23904B9400F1BE53 /* SqliteManager.swift in Sources */,
				84BCF77C237268FE00367EAB /* GDModule.swift in Sources */,
				84C18A7823DFA31000C86D45 /* SearchFieldVC.swift in Sources */,
				849A974323822F8D003E985E /* NavigationRootVC.swift in Sources */,
				8425689F237D475C00F4CD7A /* ImageZoomView.swift in Sources */,
				84D85D482384A1710042C4DF /* GDBModule.swift in Sources */,
				840EEE022374957000361FB9 /* ActivityView.swift in Sources */,
				849E45EC23AF192D000FCC76 /* PHModuleSync.swift in Sources */,
				840A34C82397118500A14491 /* Global.swift in Sources */,
				841362FF23D9AA9A00D38F05 /* SettingCell.swift in Sources */,
				84A0F89123AA0F5300DA7BF6 /* LocationVC.swift in Sources */,
				843DF2DB2373BF3B00F856ED /* GDExplorerController.swift in Sources */,
				84F6A4AF23DFDE64008CDF7B /* DatePickerVC.swift in Sources */,
				84D004CE237913CD00929662 /* GSExplorerController.swift in Sources */,
				84D004CF237913CD00929662 /* GSModule.swift in Sources */,
				840C380123B5509100EDF7A5 /* GDModuleSync.swift in Sources */,
				84D7CE3C238AD47400C15CF6 /* LocalGalleryVC.swift in Sources */,
				843DF2E02373D00E00F856ED /* ImageView+Download.swift in Sources */,
				84B4144823A0E44100075A80 /* SettingVC.swift in Sources */,
				84F90E8C23B16A8B00A5202A /* GFSModuleSync.swift in Sources */,
				84E90E6323E03B810000FCC8 /* UserListVC.swift in Sources */,
			);
			runOnlyForDeploymentPostprocessing = 0;
		};
/* End PBXSourcesBuildPhase section */

/* Begin PBXTargetDependency section */
		8455A47A23C8896B005B8742 /* PBXTargetDependency */ = {
			isa = PBXTargetDependency;
			target = 8455A47023C8896B005B8742 /* Ohana Sync */;
			targetProxy = 8455A47923C8896B005B8742 /* PBXContainerItemProxy */;
		};
/* End PBXTargetDependency section */

/* Begin PBXVariantGroup section */
		8455A47523C8896B005B8742 /* MainInterface.storyboard */ = {
			isa = PBXVariantGroup;
			children = (
				8455A47623C8896B005B8742 /* Base */,
			);
			name = MainInterface.storyboard;
			sourceTree = "<group>";
		};
		84BE63C723717A45002F2C66 /* Main.storyboard */ = {
			isa = PBXVariantGroup;
			children = (
				84BE63C823717A45002F2C66 /* Base */,
			);
			name = Main.storyboard;
			sourceTree = "<group>";
		};
		84BE63CC23717A48002F2C66 /* LaunchScreen.storyboard */ = {
			isa = PBXVariantGroup;
			children = (
				84BE63CD23717A48002F2C66 /* Base */,
			);
			name = LaunchScreen.storyboard;
			sourceTree = "<group>";
		};
/* End PBXVariantGroup section */

/* Begin XCBuildConfiguration section */
		8455A47D23C8896B005B8742 /* Debug */ = {
			isa = XCBuildConfiguration;
			baseConfigurationReference = F42887ECE70F9335ECF15268 /* Pods-Ohana Sync.debug.xcconfig */;
			buildSettings = {
				CODE_SIGN_ENTITLEMENTS = "Ohana Sync/Ohana Sync.entitlements";
				CODE_SIGN_IDENTITY = "Apple Development";
				CODE_SIGN_STYLE = Automatic;
				CURRENT_PROJECT_VERSION = 8.2;
				DEVELOPMENT_TEAM = P5WZ748D57;
				INFOPLIST_FILE = "Ohana Sync/Info.plist";
				IPHONEOS_DEPLOYMENT_TARGET = 13.0;
				LD_RUNPATH_SEARCH_PATHS = (
					"$(inherited)",
					"@executable_path/Frameworks",
					"@executable_path/../../Frameworks",
				);
				PRODUCT_BUNDLE_IDENTIFIER = "io.leruths.family-media-sync.Ohana-Sync";
				PRODUCT_MODULE_NAME = OhanaSync;
				PRODUCT_NAME = "$(TARGET_NAME)";
				PROVISIONING_PROFILE_SPECIFIER = "";
				SKIP_INSTALL = YES;
				SWIFT_VERSION = 5.0;
				TARGETED_DEVICE_FAMILY = 1;
			};
			name = Debug;
		};
		8455A47E23C8896B005B8742 /* Release */ = {
			isa = XCBuildConfiguration;
			baseConfigurationReference = D0CF714DA850A4111CE21596 /* Pods-Ohana Sync.release.xcconfig */;
			buildSettings = {
				CODE_SIGN_ENTITLEMENTS = "Ohana Sync/Ohana Sync.entitlements";
				CODE_SIGN_IDENTITY = "Apple Development";
				CODE_SIGN_STYLE = Automatic;
				CURRENT_PROJECT_VERSION = 8.2;
				DEVELOPMENT_TEAM = P5WZ748D57;
				INFOPLIST_FILE = "Ohana Sync/Info.plist";
				IPHONEOS_DEPLOYMENT_TARGET = 13.0;
				LD_RUNPATH_SEARCH_PATHS = (
					"$(inherited)",
					"@executable_path/Frameworks",
					"@executable_path/../../Frameworks",
				);
				PRODUCT_BUNDLE_IDENTIFIER = "io.leruths.family-media-sync.Ohana-Sync";
				PRODUCT_MODULE_NAME = OhanaSync;
				PRODUCT_NAME = "$(TARGET_NAME)";
				PROVISIONING_PROFILE_SPECIFIER = "";
				SKIP_INSTALL = YES;
				SWIFT_VERSION = 5.0;
				TARGETED_DEVICE_FAMILY = 1;
			};
			name = Release;
		};
		84BE63D023717A48002F2C66 /* Debug */ = {
			isa = XCBuildConfiguration;
			buildSettings = {
				ALWAYS_SEARCH_USER_PATHS = NO;
				CLANG_ANALYZER_NONNULL = YES;
				CLANG_ANALYZER_NUMBER_OBJECT_CONVERSION = YES_AGGRESSIVE;
				CLANG_CXX_LANGUAGE_STANDARD = "gnu++14";
				CLANG_CXX_LIBRARY = "libc++";
				CLANG_ENABLE_MODULES = YES;
				CLANG_ENABLE_OBJC_ARC = YES;
				CLANG_ENABLE_OBJC_WEAK = YES;
				CLANG_WARN_BLOCK_CAPTURE_AUTORELEASING = YES;
				CLANG_WARN_BOOL_CONVERSION = YES;
				CLANG_WARN_COMMA = YES;
				CLANG_WARN_CONSTANT_CONVERSION = YES;
				CLANG_WARN_DEPRECATED_OBJC_IMPLEMENTATIONS = YES;
				CLANG_WARN_DIRECT_OBJC_ISA_USAGE = YES_ERROR;
				CLANG_WARN_DOCUMENTATION_COMMENTS = YES;
				CLANG_WARN_EMPTY_BODY = YES;
				CLANG_WARN_ENUM_CONVERSION = YES;
				CLANG_WARN_INFINITE_RECURSION = YES;
				CLANG_WARN_INT_CONVERSION = YES;
				CLANG_WARN_NON_LITERAL_NULL_CONVERSION = YES;
				CLANG_WARN_OBJC_IMPLICIT_RETAIN_SELF = YES;
				CLANG_WARN_OBJC_LITERAL_CONVERSION = YES;
				CLANG_WARN_OBJC_ROOT_CLASS = YES_ERROR;
				CLANG_WARN_RANGE_LOOP_ANALYSIS = YES;
				CLANG_WARN_STRICT_PROTOTYPES = YES;
				CLANG_WARN_SUSPICIOUS_MOVE = YES;
				CLANG_WARN_UNGUARDED_AVAILABILITY = YES_AGGRESSIVE;
				CLANG_WARN_UNREACHABLE_CODE = YES;
				CLANG_WARN__DUPLICATE_METHOD_MATCH = YES;
				COPY_PHASE_STRIP = NO;
				DEBUG_INFORMATION_FORMAT = dwarf;
				ENABLE_STRICT_OBJC_MSGSEND = YES;
				ENABLE_TESTABILITY = YES;
				GCC_C_LANGUAGE_STANDARD = gnu11;
				GCC_DYNAMIC_NO_PIC = NO;
				GCC_NO_COMMON_BLOCKS = YES;
				GCC_OPTIMIZATION_LEVEL = 0;
				GCC_PREPROCESSOR_DEFINITIONS = (
					"DEBUG=1",
					"$(inherited)",
				);
				GCC_WARN_64_TO_32_BIT_CONVERSION = YES;
				GCC_WARN_ABOUT_RETURN_TYPE = YES_ERROR;
				GCC_WARN_UNDECLARED_SELECTOR = YES;
				GCC_WARN_UNINITIALIZED_AUTOS = YES_AGGRESSIVE;
				GCC_WARN_UNUSED_FUNCTION = YES;
				GCC_WARN_UNUSED_VARIABLE = YES;
				IPHONEOS_DEPLOYMENT_TARGET = 13.1;
				MTL_ENABLE_DEBUG_INFO = INCLUDE_SOURCE;
				MTL_FAST_MATH = YES;
				ONLY_ACTIVE_ARCH = YES;
				SDKROOT = iphoneos;
				SWIFT_ACTIVE_COMPILATION_CONDITIONS = DEBUG;
				SWIFT_OPTIMIZATION_LEVEL = "-Onone";
			};
			name = Debug;
		};
		84BE63D123717A48002F2C66 /* Release */ = {
			isa = XCBuildConfiguration;
			buildSettings = {
				ALWAYS_SEARCH_USER_PATHS = NO;
				CLANG_ANALYZER_NONNULL = YES;
				CLANG_ANALYZER_NUMBER_OBJECT_CONVERSION = YES_AGGRESSIVE;
				CLANG_CXX_LANGUAGE_STANDARD = "gnu++14";
				CLANG_CXX_LIBRARY = "libc++";
				CLANG_ENABLE_MODULES = YES;
				CLANG_ENABLE_OBJC_ARC = YES;
				CLANG_ENABLE_OBJC_WEAK = YES;
				CLANG_WARN_BLOCK_CAPTURE_AUTORELEASING = YES;
				CLANG_WARN_BOOL_CONVERSION = YES;
				CLANG_WARN_COMMA = YES;
				CLANG_WARN_CONSTANT_CONVERSION = YES;
				CLANG_WARN_DEPRECATED_OBJC_IMPLEMENTATIONS = YES;
				CLANG_WARN_DIRECT_OBJC_ISA_USAGE = YES_ERROR;
				CLANG_WARN_DOCUMENTATION_COMMENTS = YES;
				CLANG_WARN_EMPTY_BODY = YES;
				CLANG_WARN_ENUM_CONVERSION = YES;
				CLANG_WARN_INFINITE_RECURSION = YES;
				CLANG_WARN_INT_CONVERSION = YES;
				CLANG_WARN_NON_LITERAL_NULL_CONVERSION = YES;
				CLANG_WARN_OBJC_IMPLICIT_RETAIN_SELF = YES;
				CLANG_WARN_OBJC_LITERAL_CONVERSION = YES;
				CLANG_WARN_OBJC_ROOT_CLASS = YES_ERROR;
				CLANG_WARN_RANGE_LOOP_ANALYSIS = YES;
				CLANG_WARN_STRICT_PROTOTYPES = YES;
				CLANG_WARN_SUSPICIOUS_MOVE = YES;
				CLANG_WARN_UNGUARDED_AVAILABILITY = YES_AGGRESSIVE;
				CLANG_WARN_UNREACHABLE_CODE = YES;
				CLANG_WARN__DUPLICATE_METHOD_MATCH = YES;
				COPY_PHASE_STRIP = NO;
				DEBUG_INFORMATION_FORMAT = "dwarf-with-dsym";
				ENABLE_NS_ASSERTIONS = NO;
				ENABLE_STRICT_OBJC_MSGSEND = YES;
				GCC_C_LANGUAGE_STANDARD = gnu11;
				GCC_NO_COMMON_BLOCKS = YES;
				GCC_WARN_64_TO_32_BIT_CONVERSION = YES;
				GCC_WARN_ABOUT_RETURN_TYPE = YES_ERROR;
				GCC_WARN_UNDECLARED_SELECTOR = YES;
				GCC_WARN_UNINITIALIZED_AUTOS = YES_AGGRESSIVE;
				GCC_WARN_UNUSED_FUNCTION = YES;
				GCC_WARN_UNUSED_VARIABLE = YES;
				IPHONEOS_DEPLOYMENT_TARGET = 13.1;
				MTL_ENABLE_DEBUG_INFO = NO;
				MTL_FAST_MATH = YES;
				SDKROOT = iphoneos;
				SWIFT_COMPILATION_MODE = wholemodule;
				SWIFT_OPTIMIZATION_LEVEL = "-O";
				VALIDATE_PRODUCT = YES;
			};
			name = Release;
		};
		84BE63D323717A48002F2C66 /* Debug */ = {
			isa = XCBuildConfiguration;
			baseConfigurationReference = 71F0A8DF713105CA5760F56E /* Pods-SharePhoto.debug.xcconfig */;
			buildSettings = {
				ALWAYS_EMBED_SWIFT_STANDARD_LIBRARIES = YES;
				ASSETCATALOG_COMPILER_APPICON_NAME = AppIcon;
				CODE_SIGN_ENTITLEMENTS = "SharePhoto/Ohana Sync.entitlements";
				CODE_SIGN_IDENTITY = "Apple Development";
				CODE_SIGN_STYLE = Automatic;
				CURRENT_PROJECT_VERSION = 8.2;
				DEVELOPMENT_TEAM = P5WZ748D57;
				INFOPLIST_FILE = SharePhoto/Info.plist;
				IPHONEOS_DEPLOYMENT_TARGET = 13.0;
				LD_RUNPATH_SEARCH_PATHS = (
					"$(inherited)",
					"@executable_path/Frameworks",
				);
				PRODUCT_BUNDLE_IDENTIFIER = "io.leruths.family-media-sync";
				PRODUCT_NAME = "Ohana Sync";
				PROVISIONING_PROFILE_SPECIFIER = "";
				SWIFT_VERSION = 5.0;
				TARGETED_DEVICE_FAMILY = 1;
			};
			name = Debug;
		};
		84BE63D423717A48002F2C66 /* Release */ = {
			isa = XCBuildConfiguration;
			baseConfigurationReference = 23F3561F6651AAA6AEF9012F /* Pods-SharePhoto.release.xcconfig */;
			buildSettings = {
				ALWAYS_EMBED_SWIFT_STANDARD_LIBRARIES = YES;
				ASSETCATALOG_COMPILER_APPICON_NAME = AppIcon;
				CODE_SIGN_ENTITLEMENTS = "SharePhoto/Ohana Sync.entitlements";
				CODE_SIGN_IDENTITY = "Apple Development";
				CODE_SIGN_STYLE = Automatic;
				CURRENT_PROJECT_VERSION = 8.2;
				DEVELOPMENT_TEAM = P5WZ748D57;
				INFOPLIST_FILE = SharePhoto/Info.plist;
				IPHONEOS_DEPLOYMENT_TARGET = 13.0;
				LD_RUNPATH_SEARCH_PATHS = (
					"$(inherited)",
					"@executable_path/Frameworks",
				);
				PRODUCT_BUNDLE_IDENTIFIER = "io.leruths.family-media-sync";
				PRODUCT_NAME = "Ohana Sync";
				PROVISIONING_PROFILE_SPECIFIER = "";
				SWIFT_VERSION = 5.0;
				TARGETED_DEVICE_FAMILY = 1;
			};
			name = Release;
		};
/* End XCBuildConfiguration section */

/* Begin XCConfigurationList section */
		8455A47F23C8896B005B8742 /* Build configuration list for PBXNativeTarget "Ohana Sync" */ = {
			isa = XCConfigurationList;
			buildConfigurations = (
				8455A47D23C8896B005B8742 /* Debug */,
				8455A47E23C8896B005B8742 /* Release */,
			);
			defaultConfigurationIsVisible = 0;
			defaultConfigurationName = Release;
		};
		84BE63B923717A45002F2C66 /* Build configuration list for PBXProject "SharePhoto" */ = {
			isa = XCConfigurationList;
			buildConfigurations = (
				84BE63D023717A48002F2C66 /* Debug */,
				84BE63D123717A48002F2C66 /* Release */,
			);
			defaultConfigurationIsVisible = 0;
			defaultConfigurationName = Release;
		};
		84BE63D223717A48002F2C66 /* Build configuration list for PBXNativeTarget "SharePhoto" */ = {
			isa = XCConfigurationList;
			buildConfigurations = (
				84BE63D323717A48002F2C66 /* Debug */,
				84BE63D423717A48002F2C66 /* Release */,
			);
			defaultConfigurationIsVisible = 0;
			defaultConfigurationName = Release;
		};
/* End XCConfigurationList section */
	};
	rootObject = 84BE63B623717A45002F2C66 /* Project object */;
}
